// !$*UTF8*$!
{
	archiveVersion = 1;
	classes = {
	};
	objectVersion = 77;
	objects = {

/* Begin PBXContainerItemProxy section */
		E1D0F6592E2C313100C0CB25 /* PBXContainerItemProxy */ = {
			isa = PBXContainerItemProxy;
			containerPortal = E1D0F6422E2C312F00C0CB25 /* Project object */;
			proxyType = 1;
			remoteGlobalIDString = E1D0F6492E2C312F00C0CB25;
			remoteInfo = "mac-locker";
		};
		E1D0F6632E2C313100C0CB25 /* PBXContainerItemProxy */ = {
			isa = PBXContainerItemProxy;
			containerPortal = E1D0F6422E2C312F00C0CB25 /* Project object */;
			proxyType = 1;
			remoteGlobalIDString = E1D0F6492E2C312F00C0CB25;
			remoteInfo = "mac-locker";
		};
/* End PBXContainerItemProxy section */

/* Begin PBXFileReference section */
		E1D0F64A2E2C312F00C0CB25 /* mac-locker.app */ = {isa = PBXFileReference; explicitFileType = wrapper.application; includeInIndex = 0; path = "mac-locker.app"; sourceTree = BUILT_PRODUCTS_DIR; };
		E1D0F6582E2C313100C0CB25 /* mac-lockerTests.xctest */ = {isa = PBXFileReference; explicitFileType = wrapper.cfbundle; includeInIndex = 0; path = "mac-lockerTests.xctest"; sourceTree = BUILT_PRODUCTS_DIR; };
		E1D0F6622E2C313100C0CB25 /* mac-lockerUITests.xctest */ = {isa = PBXFileReference; explicitFileType = wrapper.cfbundle; includeInIndex = 0; path = "mac-lockerUITests.xctest"; sourceTree = BUILT_PRODUCTS_DIR; };
/* End PBXFileReference section */

/* Begin PBXFileSystemSynchronizedRootGroup section */
		E1D0F64C2E2C312F00C0CB25 /* mac-locker */ = {
			isa = PBXFileSystemSynchronizedRootGroup;
			path = "mac-locker";
			sourceTree = "<group>";
		};
		E1D0F65B2E2C313100C0CB25 /* mac-lockerTests */ = {
			isa = PBXFileSystemSynchronizedRootGroup;
			path = "mac-lockerTests";
			sourceTree = "<group>";
		};
		E1D0F6652E2C313100C0CB25 /* mac-lockerUITests */ = {
			isa = PBXFileSystemSynchronizedRootGroup;
			path = "mac-lockerUITests";
			sourceTree = "<group>";
		};
/* End PBXFileSystemSynchronizedRootGroup section */

/* Begin PBXFrameworksBuildPhase section */
		E1D0F6472E2C312F00C0CB25 /* Frameworks */ = {
			isa = PBXFrameworksBuildPhase;
			buildActionMask = 2147483647;
			files = (
			);
			runOnlyForDeploymentPostprocessing = 0;
		};
		E1D0F6552E2C313100C0CB25 /* Frameworks */ = {
			isa = PBXFrameworksBuildPhase;
			buildActionMask = 2147483647;
			files = (
			);
			runOnlyForDeploymentPostprocessing = 0;
		};
		E1D0F65F2E2C313100C0CB25 /* Frameworks */ = {
			isa = PBXFrameworksBuildPhase;
			buildActionMask = 2147483647;
			files = (
			);
			runOnlyForDeploymentPostprocessing = 0;
		};
/* End PBXFrameworksBuildPhase section */

/* Begin PBXGroup section */
		E1D0F6412E2C312F00C0CB25 = {
			isa = PBXGroup;
			children = (
				E1D0F64C2E2C312F00C0CB25 /* mac-locker */,
				E1D0F65B2E2C313100C0CB25 /* mac-lockerTests */,
				E1D0F6652E2C313100C0CB25 /* mac-lockerUITests */,
				E1D0F64B2E2C312F00C0CB25 /* Products */,
			);
			sourceTree = "<group>";
		};
		E1D0F64B2E2C312F00C0CB25 /* Products */ = {
			isa = PBXGroup;
			children = (
				E1D0F64A2E2C312F00C0CB25 /* mac-locker.app */,
				E1D0F6582E2C313100C0CB25 /* mac-lockerTests.xctest */,
				E1D0F6622E2C313100C0CB25 /* mac-lockerUITests.xctest */,
			);
			name = Products;
			sourceTree = "<group>";
		};
/* End PBXGroup section */

/* Begin PBXNativeTarget section */
		E1D0F6492E2C312F00C0CB25 /* mac-locker */ = {
			isa = PBXNativeTarget;
			buildConfigurationList = E1D0F66C2E2C313100C0CB25 /* Build configuration list for PBXNativeTarget "mac-locker" */;
			buildPhases = (
				E1D0F6462E2C312F00C0CB25 /* Sources */,
				E1D0F6472E2C312F00C0CB25 /* Frameworks */,
				E1D0F6482E2C312F00C0CB25 /* Resources */,
			);
			buildRules = (
			);
			dependencies = (
			);
			fileSystemSynchronizedGroups = (
				E1D0F64C2E2C312F00C0CB25 /* mac-locker */,
			);
			name = "mac-locker";
			packageProductDependencies = (
			);
			productName = "mac-locker";
			productReference = E1D0F64A2E2C312F00C0CB25 /* mac-locker.app */;
			productType = "com.apple.product-type.application";
		};
		E1D0F6572E2C313100C0CB25 /* mac-lockerTests */ = {
			isa = PBXNativeTarget;
			buildConfigurationList = E1D0F66F2E2C313100C0CB25 /* Build configuration list for PBXNativeTarget "mac-lockerTests" */;
			buildPhases = (
				E1D0F6542E2C313100C0CB25 /* Sources */,
				E1D0F6552E2C313100C0CB25 /* Frameworks */,
				E1D0F6562E2C313100C0CB25 /* Resources */,
			);
			buildRules = (
			);
			dependencies = (
				E1D0F65A2E2C313100C0CB25 /* PBXTargetDependency */,
			);
			fileSystemSynchronizedGroups = (
				E1D0F65B2E2C313100C0CB25 /* mac-lockerTests */,
			);
			name = "mac-lockerTests";
			packageProductDependencies = (
			);
			productName = "mac-lockerTests";
			productReference = E1D0F6582E2C313100C0CB25 /* mac-lockerTests.xctest */;
			productType = "com.apple.product-type.bundle.unit-test";
		};
		E1D0F6612E2C313100C0CB25 /* mac-lockerUITests */ = {
			isa = PBXNativeTarget;
			buildConfigurationList = E1D0F6722E2C313100C0CB25 /* Build configuration list for PBXNativeTarget "mac-lockerUITests" */;
			buildPhases = (
				E1D0F65E2E2C313100C0CB25 /* Sources */,
				E1D0F65F2E2C313100C0CB25 /* Frameworks */,
				E1D0F6602E2C313100C0CB25 /* Resources */,
			);
			buildRules = (
			);
			dependencies = (
				E1D0F6642E2C313100C0CB25 /* PBXTargetDependency */,
			);
			fileSystemSynchronizedGroups = (
				E1D0F6652E2C313100C0CB25 /* mac-lockerUITests */,
			);
			name = "mac-lockerUITests";
			packageProductDependencies = (
			);
			productName = "mac-lockerUITests";
			productReference = E1D0F6622E2C313100C0CB25 /* mac-lockerUITests.xctest */;
			productType = "com.apple.product-type.bundle.ui-testing";
		};
/* End PBXNativeTarget section */

/* Begin PBXProject section */
		E1D0F6422E2C312F00C0CB25 /* Project object */ = {
			isa = PBXProject;
			attributes = {
				BuildIndependentTargetsInParallel = 1;
				LastSwiftUpdateCheck = 1640;
				LastUpgradeCheck = 1640;
				TargetAttributes = {
					E1D0F6492E2C312F00C0CB25 = {
						CreatedOnToolsVersion = 16.4;
					};
					E1D0F6572E2C313100C0CB25 = {
						CreatedOnToolsVersion = 16.4;
						TestTargetID = E1D0F6492E2C312F00C0CB25;
					};
					E1D0F6612E2C313100C0CB25 = {
						CreatedOnToolsVersion = 16.4;
						TestTargetID = E1D0F6492E2C312F00C0CB25;
					};
				};
			};
			buildConfigurationList = E1D0F6452E2C312F00C0CB25 /* Build configuration list for PBXProject "mac-locker" */;
			developmentRegion = en;
			hasScannedForEncodings = 0;
			knownRegions = (
				en,
				Base,
			);
			mainGroup = E1D0F6412E2C312F00C0CB25;
			minimizedProjectReferenceProxies = 1;
			preferredProjectObjectVersion = 77;
			productRefGroup = E1D0F64B2E2C312F00C0CB25 /* Products */;
			projectDirPath = "";
			projectRoot = "";
			targets = (
				E1D0F6492E2C312F00C0CB25 /* mac-locker */,
				E1D0F6572E2C313100C0CB25 /* mac-lockerTests */,
				E1D0F6612E2C313100C0CB25 /* mac-lockerUITests */,
			);
		};
/* End PBXProject section */

/* Begin PBXResourcesBuildPhase section */
		E1D0F6482E2C312F00C0CB25 /* Resources */ = {
			isa = PBXResourcesBuildPhase;
			buildActionMask = 2147483647;
			files = (
			);
			runOnlyForDeploymentPostprocessing = 0;
		};
		E1D0F6562E2C313100C0CB25 /* Resources */ = {
			isa = PBXResourcesBuildPhase;
			buildActionMask = 2147483647;
			files = (
			);
			runOnlyForDeploymentPostprocessing = 0;
		};
		E1D0F6602E2C313100C0CB25 /* Resources */ = {
			isa = PBXResourcesBuildPhase;
			buildActionMask = 2147483647;
			files = (
			);
			runOnlyForDeploymentPostprocessing = 0;
		};
/* End PBXResourcesBuildPhase section */

/* Begin PBXSourcesBuildPhase section */
		E1D0F6462E2C312F00C0CB25 /* Sources */ = {
			isa = PBXSourcesBuildPhase;
			buildActionMask = 2147483647;
			files = (
			);
			runOnlyForDeploymentPostprocessing = 0;
		};
		E1D0F6542E2C313100C0CB25 /* Sources */ = {
			isa = PBXSourcesBuildPhase;
			buildActionMask = 2147483647;
			files = (
			);
			runOnlyForDeploymentPostprocessing = 0;
		};
		E1D0F65E2E2C313100C0CB25 /* Sources */ = {
			isa = PBXSourcesBuildPhase;
			buildActionMask = 2147483647;
			files = (
			);
			runOnlyForDeploymentPostprocessing = 0;
		};
/* End PBXSourcesBuildPhase section */

/* Begin PBXTargetDependency section */
		E1D0F65A2E2C313100C0CB25 /* PBXTargetDependency */ = {
			isa = PBXTargetDependency;
			target = E1D0F6492E2C312F00C0CB25 /* mac-locker */;
			targetProxy = E1D0F6592E2C313100C0CB25 /* PBXContainerItemProxy */;
		};
		E1D0F6642E2C313100C0CB25 /* PBXTargetDependency */ = {
			isa = PBXTargetDependency;
			target = E1D0F6492E2C312F00C0CB25 /* mac-locker */;
			targetProxy = E1D0F6632E2C313100C0CB25 /* PBXContainerItemProxy */;
		};
/* End PBXTargetDependency section */

/* Begin XCBuildConfiguration section */
		E1D0F66A2E2C313100C0CB25 /* Debug */ = {
			isa = XCBuildConfiguration;
			buildSettings = {
				ALWAYS_SEARCH_USER_PATHS = NO;
				ASSETCATALOG_COMPILER_GENERATE_SWIFT_ASSET_SYMBOL_EXTENSIONS = YES;
				CLANG_ANALYZER_NONNULL = YES;
				CLANG_ANALYZER_NUMBER_OBJECT_CONVERSION = YES_AGGRESSIVE;
				CLANG_CXX_LANGUAGE_STANDARD = "gnu++20";
				CLANG_ENABLE_MODULES = YES;
				CLANG_ENABLE_OBJC_ARC = YES;
				CLANG_ENABLE_OBJC_WEAK = YES;
				CLANG_WARN_BLOCK_CAPTURE_AUTORELEASING = YES;
				CLANG_WARN_BOOL_CONVERSION = YES;
				CLANG_WARN_COMMA = YES;
				CLANG_WARN_CONSTANT_CONVERSION = YES;
				CLANG_WARN_DEPRECATED_OBJC_IMPLEMENTATIONS = YES;
				CLANG_WARN_DIRECT_OBJC_ISA_USAGE = YES_ERROR;
				CLANG_WARN_DOCUMENTATION_COMMENTS = YES;
				CLANG_WARN_EMPTY_BODY = YES;
				CLANG_WARN_ENUM_CONVERSION = YES;
				CLANG_WARN_INFINITE_RECURSION = YES;
				CLANG_WARN_INT_CONVERSION = YES;
				CLANG_WARN_NON_LITERAL_NULL_CONVERSION = YES;
				CLANG_WARN_OBJC_IMPLICIT_RETAIN_SELF = YES;
				CLANG_WARN_OBJC_LITERAL_CONVERSION = YES;
				CLANG_WARN_OBJC_ROOT_CLASS = YES_ERROR;
				CLANG_WARN_QUOTED_INCLUDE_IN_FRAMEWORK_HEADER = YES;
				CLANG_WARN_RANGE_LOOP_ANALYSIS = YES;
				CLANG_WARN_STRICT_PROTOTYPES = YES;
				CLANG_WARN_SUSPICIOUS_MOVE = YES;
				CLANG_WARN_UNGUARDED_AVAILABILITY = YES_AGGRESSIVE;
				CLANG_WARN_UNREACHABLE_CODE = YES;
				CLANG_WARN__DUPLICATE_METHOD_MATCH = YES;
				COPY_PHASE_STRIP = NO;
				DEBUG_INFORMATION_FORMAT = dwarf;
				DEVELOPMENT_TEAM = PGMZ526F5V;
				ENABLE_STRICT_OBJC_MSGSEND = YES;
				ENABLE_TESTABILITY = YES;
				ENABLE_USER_SCRIPT_SANDBOXING = YES;
				GCC_C_LANGUAGE_STANDARD = gnu17;
				GCC_DYNAMIC_NO_PIC = NO;
				GCC_NO_COMMON_BLOCKS = YES;
				GCC_OPTIMIZATION_LEVEL = 0;
				GCC_PREPROCESSOR_DEFINITIONS = (
					"DEBUG=1",
					"$(inherited)",
				);
				GCC_WARN_64_TO_32_BIT_CONVERSION = YES;
				GCC_WARN_ABOUT_RETURN_TYPE = YES_ERROR;
				GCC_WARN_UNDECLARED_SELECTOR = YES;
				GCC_WARN_UNINITIALIZED_AUTOS = YES_AGGRESSIVE;
				GCC_WARN_UNUSED_FUNCTION = YES;
				GCC_WARN_UNUSED_VARIABLE = YES;
				LOCALIZATION_PREFERS_STRING_CATALOGS = YES;
				MACOSX_DEPLOYMENT_TARGET = 15.5;
				MTL_ENABLE_DEBUG_INFO = INCLUDE_SOURCE;
				MTL_FAST_MATH = YES;
				ONLY_ACTIVE_ARCH = YES;
				SDKROOT = macosx;
				SWIFT_ACTIVE_COMPILATION_CONDITIONS = "DEBUG $(inherited)";
				SWIFT_OPTIMIZATION_LEVEL = "-Onone";
			};
			name = Debug;
		};
		E1D0F66B2E2C313100C0CB25 /* Release */ = {
			isa = XCBuildConfiguration;
			buildSettings = {
				ALWAYS_SEARCH_USER_PATHS = NO;
				ASSETCATALOG_COMPILER_GENERATE_SWIFT_ASSET_SYMBOL_EXTENSIONS = YES;
				CLANG_ANALYZER_NONNULL = YES;
				CLANG_ANALYZER_NUMBER_OBJECT_CONVERSION = YES_AGGRESSIVE;
				CLANG_CXX_LANGUAGE_STANDARD = "gnu++20";
				CLANG_ENABLE_MODULES = YES;
				CLANG_ENABLE_OBJC_ARC = YES;
				CLANG_ENABLE_OBJC_WEAK = YES;
				CLANG_WARN_BLOCK_CAPTURE_AUTORELEASING = YES;
				CLANG_WARN_BOOL_CONVERSION = YES;
				CLANG_WARN_COMMA = YES;
				CLANG_WARN_CONSTANT_CONVERSION = YES;
				CLANG_WARN_DEPRECATED_OBJC_IMPLEMENTATIONS = YES;
				CLANG_WARN_DIRECT_OBJC_ISA_USAGE = YES_ERROR;
				CLANG_WARN_DOCUMENTATION_COMMENTS = YES;
				CLANG_WARN_EMPTY_BODY = YES;
				CLANG_WARN_ENUM_CONVERSION = YES;
				CLANG_WARN_INFINITE_RECURSION = YES;
				CLANG_WARN_INT_CONVERSION = YES;
				CLANG_WARN_NON_LITERAL_NULL_CONVERSION = YES;
				CLANG_WARN_OBJC_IMPLICIT_RETAIN_SELF = YES;
				CLANG_WARN_OBJC_LITERAL_CONVERSION = YES;
				CLANG_WARN_OBJC_ROOT_CLASS = YES_ERROR;
				CLANG_WARN_QUOTED_INCLUDE_IN_FRAMEWORK_HEADER = YES;
				CLANG_WARN_RANGE_LOOP_ANALYSIS = YES;
				CLANG_WARN_STRICT_PROTOTYPES = YES;
				CLANG_WARN_SUSPICIOUS_MOVE = YES;
				CLANG_WARN_UNGUARDED_AVAILABILITY = YES_AGGRESSIVE;
				CLANG_WARN_UNREACHABLE_CODE = YES;
				CLANG_WARN__DUPLICATE_METHOD_MATCH = YES;
				COPY_PHASE_STRIP = NO;
				DEBUG_INFORMATION_FORMAT = "dwarf-with-dsym";
				DEVELOPMENT_TEAM = PGMZ526F5V;
				ENABLE_NS_ASSERTIONS = NO;
				ENABLE_STRICT_OBJC_MSGSEND = YES;
				ENABLE_USER_SCRIPT_SANDBOXING = YES;
				GCC_C_LANGUAGE_STANDARD = gnu17;
				GCC_NO_COMMON_BLOCKS = YES;
				GCC_WARN_64_TO_32_BIT_CONVERSION = YES;
				GCC_WARN_ABOUT_RETURN_TYPE = YES_ERROR;
				GCC_WARN_UNDECLARED_SELECTOR = YES;
				GCC_WARN_UNINITIALIZED_AUTOS = YES_AGGRESSIVE;
				GCC_WARN_UNUSED_FUNCTION = YES;
				GCC_WARN_UNUSED_VARIABLE = YES;
				LOCALIZATION_PREFERS_STRING_CATALOGS = YES;
				MACOSX_DEPLOYMENT_TARGET = 15.5;
				MTL_ENABLE_DEBUG_INFO = NO;
				MTL_FAST_MATH = YES;
				SDKROOT = macosx;
				SWIFT_COMPILATION_MODE = wholemodule;
			};
			name = Release;
		};
		E1D0F66D2E2C313100C0CB25 /* Debug */ = {
			isa = XCBuildConfiguration;
			buildSettings = {
				ASSETCATALOG_COMPILER_APPICON_NAME = AppIcon;
				ASSETCATALOG_COMPILER_GLOBAL_ACCENT_COLOR_NAME = AccentColor;
				CODE_SIGN_ENTITLEMENTS = "mac-locker/mac_locker.entitlements";
				CODE_SIGN_STYLE = Automatic;
				COMBINE_HIDPI_IMAGES = YES;
				CURRENT_PROJECT_VERSION = 1;
				DEVELOPMENT_TEAM = PGMZ526F5V;
				ENABLE_HARDENED_RUNTIME = YES;
				ENABLE_PREVIEWS = YES;
				GENERATE_INFOPLIST_FILE = YES;
				INFOPLIST_KEY_NSHumanReadableCopyright = "";
				LD_RUNPATH_SEARCH_PATHS = (
					"$(inherited)",
					"@executable_path/../Frameworks",
				);
				MARKETING_VERSION = 1.0;
				PRODUCT_BUNDLE_IDENTIFIER = "com.akif.mac-locker";
				PRODUCT_NAME = "$(TARGET_NAME)";
				REGISTER_APP_GROUPS = YES;
				SWIFT_EMIT_LOC_STRINGS = YES;
				SWIFT_VERSION = 5.0;
			};
			name = Debug;
		};
		E1D0F66E2E2C313100C0CB25 /* Release */ = {
			isa = XCBuildConfiguration;
			buildSettings = {
				ASSETCATALOG_COMPILER_APPICON_NAME = AppIcon;
				ASSETCATALOG_COMPILER_GLOBAL_ACCENT_COLOR_NAME = AccentColor;
				CODE_SIGN_ENTITLEMENTS = "mac-locker/mac_locker.entitlements";
				CODE_SIGN_STYLE = Automatic;
				COMBINE_HIDPI_IMAGES = YES;
				CURRENT_PROJECT_VERSION = 1;
				DEVELOPMENT_TEAM = PGMZ526F5V;
				ENABLE_HARDENED_RUNTIME = YES;
				ENABLE_PREVIEWS = YES;
				GENERATE_INFOPLIST_FILE = YES;
				INFOPLIST_KEY_NSHumanReadableCopyright = "";
				LD_RUNPATH_SEARCH_PATHS = (
					"$(inherited)",
					"@executable_path/../Frameworks",
				);
				MARKETING_VERSION = 1.0;
				PRODUCT_BUNDLE_IDENTIFIER = "com.akif.mac-locker";
				PRODUCT_NAME = "$(TARGET_NAME)";
				REGISTER_APP_GROUPS = YES;
				SWIFT_EMIT_LOC_STRINGS = YES;
				SWIFT_VERSION = 5.0;
			};
			name = Release;
		};
		E1D0F6702E2C313100C0CB25 /* Debug */ = {
			isa = XCBuildConfiguration;
			buildSettings = {
				BUNDLE_LOADER = "$(TEST_HOST)";
				CODE_SIGN_STYLE = Automatic;
				CURRENT_PROJECT_VERSION = 1;
				DEVELOPMENT_TEAM = PGMZ526F5V;
				GENERATE_INFOPLIST_FILE = YES;
				MACOSX_DEPLOYMENT_TARGET = 15.5;
				MARKETING_VERSION = 1.0;
				PRODUCT_BUNDLE_IDENTIFIER = "com.akif.maclocker.mac-lockerTests";
				PRODUCT_NAME = "$(TARGET_NAME)";
				SWIFT_EMIT_LOC_STRINGS = NO;
				SWIFT_VERSION = 5.0;
				TEST_HOST = "$(BUILT_PRODUCTS_DIR)/mac-locker.app/$(BUNDLE_EXECUTABLE_FOLDER_PATH)/mac-locker";
			};
			name = Debug;
		};
		E1D0F6712E2C313100C0CB25 /* Release */ = {
			isa = XCBuildConfiguration;
			buildSettings = {
				BUNDLE_LOADER = "$(TEST_HOST)";
				CODE_SIGN_STYLE = Automatic;
				CURRENT_PROJECT_VERSION = 1;
				DEVELOPMENT_TEAM = PGMZ526F5V;
				GENERATE_INFOPLIST_FILE = YES;
				MACOSX_DEPLOYMENT_TARGET = 15.5;
				MARKETING_VERSION = 1.0;
				PRODUCT_BUNDLE_IDENTIFIER = "com.akif.maclocker.mac-lockerTests";
				PRODUCT_NAME = "$(TARGET_NAME)";
				SWIFT_EMIT_LOC_STRINGS = NO;
				SWIFT_VERSION = 5.0;
				TEST_HOST = "$(BUILT_PRODUCTS_DIR)/mac-locker.app/$(BUNDLE_EXECUTABLE_FOLDER_PATH)/mac-locker";
			};
			name = Release;
		};
		E1D0F6732E2C313100C0CB25 /* Debug */ = {
			isa = XCBuildConfiguration;
			buildSettings = {
				CODE_SIGN_STYLE = Automatic;
				CURRENT_PROJECT_VERSION = 1;
				DEVELOPMENT_TEAM = PGMZ526F5V;
				GENERATE_INFOPLIST_FILE = YES;
				MARKETING_VERSION = 1.0;
				PRODUCT_BUNDLE_IDENTIFIER = "com.akif.maclocker.mac-lockerUITests";
				PRODUCT_NAME = "$(TARGET_NAME)";
				SWIFT_EMIT_LOC_STRINGS = NO;
				SWIFT_VERSION = 5.0;
				TEST_TARGET_NAME = "mac-locker";
			};
			name = Debug;
		};
		E1D0F6742E2C313100C0CB25 /* Release */ = {
			isa = XCBuildConfiguration;
			buildSettings = {
				CODE_SIGN_STYLE = Automatic;
				CURRENT_PROJECT_VERSION = 1;
				DEVELOPMENT_TEAM = PGMZ526F5V;
				GENERATE_INFOPLIST_FILE = YES;
				MARKETING_VERSION = 1.0;
				PRODUCT_BUNDLE_IDENTIFIER = "com.akif.maclocker.mac-lockerUITests";
				PRODUCT_NAME = "$(TARGET_NAME)";
				SWIFT_EMIT_LOC_STRINGS = NO;
				SWIFT_VERSION = 5.0;
				TEST_TARGET_NAME = "mac-locker";
			};
			name = Release;
		};
/* End XCBuildConfiguration section */

/* Begin XCConfigurationList section */
		E1D0F6452E2C312F00C0CB25 /* Build configuration list for PBXProject "mac-locker" */ = {
			isa = XCConfigurationList;
			buildConfigurations = (
				E1D0F66A2E2C313100C0CB25 /* Debug */,
				E1D0F66B2E2C313100C0CB25 /* Release */,
			);
			defaultConfigurationIsVisible = 0;
			defaultConfigurationName = Release;
		};
		E1D0F66C2E2C313100C0CB25 /* Build configuration list for PBXNativeTarget "mac-locker" */ = {
			isa = XCConfigurationList;
			buildConfigurations = (
				E1D0F66D2E2C313100C0CB25 /* Debug */,
				E1D0F66E2E2C313100C0CB25 /* Release */,
			);
			defaultConfigurationIsVisible = 0;
			defaultConfigurationName = Release;
		};
		E1D0F66F2E2C313100C0CB25 /* Build configuration list for PBXNativeTarget "mac-lockerTests" */ = {
			isa = XCConfigurationList;
			buildConfigurations = (
				E1D0F6702E2C313100C0CB25 /* Debug */,
				E1D0F6712E2C313100C0CB25 /* Release */,
			);
			defaultConfigurationIsVisible = 0;
			defaultConfigurationName = Release;
		};
		E1D0F6722E2C313100C0CB25 /* Build configuration list for PBXNativeTarget "mac-lockerUITests" */ = {
			isa = XCConfigurationList;
			buildConfigurations = (
				E1D0F6732E2C313100C0CB25 /* Debug */,
				E1D0F6742E2C313100C0CB25 /* Release */,
			);
			defaultConfigurationIsVisible = 0;
			defaultConfigurationName = Release;
		};
/* End XCConfigurationList section */
	};
	rootObject = E1D0F6422E2C312F00C0CB25 /* Project object */;
}
